<?xml version="1.0" encoding="utf-8"?>
<Project ToolsVersion="4.0" xmlns="http://schemas.microsoft.com/developer/msbuild/2003">
  <ItemGroup>
    <Filter Include="Source Files">
      <UniqueIdentifier>{4FC737F1-C7A5-4376-A066-2A32D752A2FF}</UniqueIdentifier>
      <Extensions>cpp;c;cc;cxx;c++;cppm;ixx;def;odl;idl;hpj;bat;asm;asmx</Extensions>
    </Filter>
    <Filter Include="Header Files">
      <UniqueIdentifier>{93995380-89BD-4b04-88EB-625FBE52EBFB}</UniqueIdentifier>
      <Extensions>h;hh;hpp;hxx;h++;hm;inl;inc;ipp;xsd</Extensions>
    </Filter>
    <Filter Include="Resource Files">
      <UniqueIdentifier>{67DA6AB6-F800-4c08-8B7A-83BB121AAD01}</UniqueIdentifier>
      <Extensions>rc;ico;cur;bmp;dlg;rc2;rct;bin;rgs;gif;jpg;jpeg;jpe;resx;tiff;tif;png;wav;mfcribbon-ms</Extensions>
    </Filter>
  </ItemGroup>
  <ItemGroup>
    <ClCompile Include="src\Mathematics\Common.cpp">
      <Filter>Source Files</Filter>
    </ClCompile>
    <ClCompile Include="src\Mathematics\PerlinNoise2d.cpp">
      <Filter>Source Files</Filter>
    </ClCompile>
    <ClCompile Include="src\Mathematics\PerlinNoise3d.cpp">
      <Filter>Source Files</Filter>
    </ClCompile>
    <ClCompile Include="src\MultiThreading\FileSystem.cpp">
      <Filter>Source Files</Filter>
    </ClCompile>
    <ClCompile Include="src\MultiThreading\ThreadPool.cpp">
      <Filter>Source Files</Filter>
    </ClCompile>
    <ClCompile Include="src\Physics\Hitboxes.cpp">
      <Filter>Source Files</Filter>
    </ClCompile>
    <ClCompile Include="src\Physics\RayCasting.cpp">
      <Filter>Source Files</Filter>
    </ClCompile>
    <ClCompile Include="src\Utilities\BinPacker.cpp">
      <Filter>Source Files</Filter>
    </ClCompile>
    <ClCompile Include="src\Utilities\Functions.cpp">
      <Filter>Source Files</Filter>
    </ClCompile>
    <ClCompile Include="src\MultiThreading\Logger.cpp">
      <Filter>Source Files</Filter>
    </ClCompile>
    <ClCompile Include="src\MultiThreading\SharedPointer.cpp">
      <Filter>Source Files</Filter>
    </ClCompile>
    <ClCompile Include="src\MultiThreading\UniquePointer.cpp">
      <Filter>Source Files</Filter>
    </ClCompile>
    <ClCompile Include="src\MultiThreading\WeakPointer.cpp">
      <Filter>Source Files</Filter>
    </ClCompile>
    <ClCompile Include="src\PlatformAbstractions\Console.cpp">
      <Filter>Source Files</Filter>
    </ClCompile>
  </ItemGroup>
  <ItemGroup>
    <ClInclude Include="include\MultiThreading\Deque.h">
      <Filter>Header Files</Filter>
    </ClInclude>
    <ClInclude Include="include\MultiThreading\EventPolicy.h">
      <Filter>Header Files</Filter>
    </ClInclude>
    <ClInclude Include="include\MultiThreading\EventSystem.h">
      <Filter>Header Files</Filter>
    </ClInclude>
    <ClInclude Include="include\MultiThreading\FileSystem.h">
      <Filter>Header Files</Filter>
    </ClInclude>
    <ClInclude Include="include\MultiThreading\MemoryPool.h">
      <Filter>Header Files</Filter>
    </ClInclude>
    <ClInclude Include="include\MultiThreading\PointerControlBlock.h">
      <Filter>Header Files</Filter>
    </ClInclude>
    <ClInclude Include="include\MultiThreading\Queue.h">
      <Filter>Header Files</Filter>
    </ClInclude>
    <ClInclude Include="include\MultiThreading\Synchronized.h">
      <Filter>Header Files</Filter>
    </ClInclude>
    <ClInclude Include="include\MultiThreading\TaskCoordinator.h">
      <Filter>Header Files</Filter>
    </ClInclude>
    <ClInclude Include="include\MultiThreading\ThreadPool.h">
      <Filter>Header Files</Filter>
    </ClInclude>
    <ClInclude Include="include\MultiThreading\UniqueTaskCoordinator.h">
      <Filter>Header Files</Filter>
    </ClInclude>
    <ClInclude Include="include\MultiThreading\Vector.h">
      <Filter>Header Files</Filter>
    </ClInclude>
    <ClInclude Include="include\Physics\Hitboxes.h">
      <Filter>Header Files</Filter>
    </ClInclude>
    <ClInclude Include="include\Physics\RayCasting.h">
      <Filter>Header Files</Filter>
    </ClInclude>
    <ClInclude Include="include\Utilities\ArrayNd.h">
      <Filter>Header Files</Filter>
    </ClInclude>
    <ClInclude Include="include\Utilities\BinPacker.h">
      <Filter>Header Files</Filter>
    </ClInclude>
    <ClInclude Include="include\Utilities\Functions.h">
      <Filter>Header Files</Filter>
    </ClInclude>
    <ClInclude Include="include\Utilities\RollingWindow.h">
      <Filter>Header Files</Filter>
    </ClInclude>
    <ClInclude Include="include\Utilities\SampleTracker.h">
      <Filter>Header Files</Filter>
    </ClInclude>
    <ClInclude Include="include\Utilities\SortedVector.h">
      <Filter>Header Files</Filter>
    </ClInclude>
    <ClInclude Include="include\Utilities\UniqueOrderedQueue.h">
      <Filter>Header Files</Filter>
    </ClInclude>
    <ClInclude Include="include\Utilities\Vector3d.h">
      <Filter>Header Files</Filter>
    </ClInclude>
    <ClInclude Include="include\Utilities\VectorNd.h">
      <Filter>Header Files</Filter>
    </ClInclude>
    <ClInclude Include="include\Namespaces.h">
      <Filter>Header Files</Filter>
    </ClInclude>
    <ClInclude Include="include\Mathematics\Common.h">
      <Filter>Header Files</Filter>
    </ClInclude>
    <ClInclude Include="include\Mathematics\PerlinNoise2d.h">
      <Filter>Header Files</Filter>
    </ClInclude>
    <ClInclude Include="include\Mathematics\PerlinNoise3d.h">
      <Filter>Header Files</Filter>
    </ClInclude>
    <ClInclude Include="include\MultiThreading\Logger.h">
      <Filter>Header Files</Filter>
    </ClInclude>
    <ClInclude Include="include\MultiThreading\SharedPointer.h">
      <Filter>Header Files</Filter>
    </ClInclude>
    <ClInclude Include="include\MultiThreading\WeakPointer.h">
      <Filter>Header Files</Filter>
    </ClInclude>
    <ClInclude Include="include\MultiThreading\UniquePointer.h">
      <Filter>Header Files</Filter>
    </ClInclude>
    <ClInclude Include="include\Utilities\PathFinderContext.h">
      <Filter>Header Files</Filter>
    </ClInclude>
    <ClInclude Include="include\Utilities\GridContext.h">
      <Filter>Header Files</Filter>
    </ClInclude>
    <ClInclude Include="include\Utilities\PathFinder.h">
      <Filter>Header Files</Filter>
    </ClInclude>
    <ClInclude Include="include\MultiThreading\EventSuperSystem.h">
      <Filter>Header Files</Filter>
    </ClInclude>
    <ClInclude Include="include\MultiThreading\Profiler.h">
      <Filter>Header Files</Filter>
    </ClInclude>
    <ClInclude Include="include\Utilities\Flag.h">
      <Filter>Header Files</Filter>
    </ClInclude>
    <ClInclude Include="include\Utilities\MeyersSingleton.h">
      <Filter>Header Files</Filter>
    </ClInclude>
    <ClInclude Include="include\PlatformAbstractions\Console.h">
      <Filter>Header Files</Filter>
    </ClInclude>
    <ClInclude Include="include\PlatformAbstractions\ErrorMapper.h">
      <Filter>Header Files</Filter>
    </ClInclude>
    <ClInclude Include="include\Utilities\StringConversions.h">
      <Filter>Header Files</Filter>
    </ClInclude>
    <ClInclude Include="src\PlatformAbstractions\ErrorMapper.cpp">
      <Filter>Header Files</Filter>
    </ClInclude>
  </ItemGroup>
</Project>